// !$*UTF8*$!
{
	archiveVersion = 1;
	classes = {
	};
	objectVersion = 51;
	objects = {

/* Begin PBXBuildFile section */
		192D7ADC22E4895B00882266 /* AppDelegate.swift in Sources */ = {isa = PBXBuildFile; fileRef = 192D7ADB22E4895B00882266 /* AppDelegate.swift */; };
		192D7ADE22E4895B00882266 /* ToDoListViewController.swift in Sources */ = {isa = PBXBuildFile; fileRef = 192D7ADD22E4895B00882266 /* ToDoListViewController.swift */; };
		192D7AE122E4895B00882266 /* Main.storyboard in Resources */ = {isa = PBXBuildFile; fileRef = 192D7ADF22E4895B00882266 /* Main.storyboard */; };
		192D7AE322E4895C00882266 /* Assets.xcassets in Resources */ = {isa = PBXBuildFile; fileRef = 192D7AE222E4895C00882266 /* Assets.xcassets */; };
		192D7AE622E4895C00882266 /* LaunchScreen.storyboard in Resources */ = {isa = PBXBuildFile; fileRef = 192D7AE422E4895C00882266 /* LaunchScreen.storyboard */; };
		196F16B722EF371B00E6435F /* CategoryViewController.swift in Sources */ = {isa = PBXBuildFile; fileRef = 196F16B622EF371B00E6435F /* CategoryViewController.swift */; };
		19DDED4922F07C17004947BC /* Item.swift in Sources */ = {isa = PBXBuildFile; fileRef = 19DDED4822F07C17004947BC /* Item.swift */; };
		19DDED4B22F07F30004947BC /* Category.swift in Sources */ = {isa = PBXBuildFile; fileRef = 19DDED4A22F07F30004947BC /* Category.swift */; };
		DAD8973A89DFF31C68CD6790 /* Pods_ToDoHo.framework in Frameworks */ = {isa = PBXBuildFile; fileRef = 29BA32E9BB21764B5D9061B0 /* Pods_ToDoHo.framework */; };
/* End PBXBuildFile section */

/* Begin PBXFileReference section */
		0A28BFB89D90C0B368960451 /* Pods-ToDoHo.release.xcconfig */ = {isa = PBXFileReference; includeInIndex = 1; lastKnownFileType = text.xcconfig; name = "Pods-ToDoHo.release.xcconfig"; path = "Target Support Files/Pods-ToDoHo/Pods-ToDoHo.release.xcconfig"; sourceTree = "<group>"; };
		192D7AD822E4895B00882266 /* ToDoHo.app */ = {isa = PBXFileReference; explicitFileType = wrapper.application; includeInIndex = 0; path = ToDoHo.app; sourceTree = BUILT_PRODUCTS_DIR; };
		192D7ADB22E4895B00882266 /* AppDelegate.swift */ = {isa = PBXFileReference; lastKnownFileType = sourcecode.swift; path = AppDelegate.swift; sourceTree = "<group>"; };
		192D7ADD22E4895B00882266 /* ToDoListViewController.swift */ = {isa = PBXFileReference; lastKnownFileType = sourcecode.swift; path = ToDoListViewController.swift; sourceTree = "<group>"; };
		192D7AE022E4895B00882266 /* Base */ = {isa = PBXFileReference; lastKnownFileType = file.storyboard; name = Base; path = Base.lproj/Main.storyboard; sourceTree = "<group>"; };
		192D7AE222E4895C00882266 /* Assets.xcassets */ = {isa = PBXFileReference; lastKnownFileType = folder.assetcatalog; path = Assets.xcassets; sourceTree = "<group>"; };
		192D7AE522E4895C00882266 /* Base */ = {isa = PBXFileReference; lastKnownFileType = file.storyboard; name = Base; path = Base.lproj/LaunchScreen.storyboard; sourceTree = "<group>"; };
		192D7AE722E4895C00882266 /* Info.plist */ = {isa = PBXFileReference; lastKnownFileType = text.plist.xml; path = Info.plist; sourceTree = "<group>"; };
		196F16B622EF371B00E6435F /* CategoryViewController.swift */ = {isa = PBXFileReference; lastKnownFileType = sourcecode.swift; name = CategoryViewController.swift; path = ToDoHo/Controller/CategoryViewController.swift; sourceTree = SOURCE_ROOT; };
		19DDED4822F07C17004947BC /* Item.swift */ = {isa = PBXFileReference; lastKnownFileType = sourcecode.swift; name = Item.swift; path = "ToDoHo/Supporting Files/Item.swift"; sourceTree = SOURCE_ROOT; };
		19DDED4A22F07F30004947BC /* Category.swift */ = {isa = PBXFileReference; lastKnownFileType = sourcecode.swift; path = Category.swift; sourceTree = "<group>"; };
		29BA32E9BB21764B5D9061B0 /* Pods_ToDoHo.framework */ = {isa = PBXFileReference; explicitFileType = wrapper.framework; includeInIndex = 0; path = Pods_ToDoHo.framework; sourceTree = BUILT_PRODUCTS_DIR; };
		8D76CE6FA4480472875B7949 /* Pods-ToDoHo.debug.xcconfig */ = {isa = PBXFileReference; includeInIndex = 1; lastKnownFileType = text.xcconfig; name = "Pods-ToDoHo.debug.xcconfig"; path = "Target Support Files/Pods-ToDoHo/Pods-ToDoHo.debug.xcconfig"; sourceTree = "<group>"; };
/* End PBXFileReference section */

/* Begin PBXFrameworksBuildPhase section */
		192D7AD522E4895B00882266 /* Frameworks */ = {
			isa = PBXFrameworksBuildPhase;
			buildActionMask = 2147483647;
			files = (
				DAD8973A89DFF31C68CD6790 /* Pods_ToDoHo.framework in Frameworks */,
			);
			runOnlyForDeploymentPostprocessing = 0;
		};
/* End PBXFrameworksBuildPhase section */

/* Begin PBXGroup section */
		0EB35E556D4B37A084FD285F /* Frameworks */ = {
			isa = PBXGroup;
			children = (
				29BA32E9BB21764B5D9061B0 /* Pods_ToDoHo.framework */,
			);
			name = Frameworks;
			sourceTree = "<group>";
		};
		19181CCD22E87FEE001A25C0 /* Model */ = {
			isa = PBXGroup;
			children = (
				19DDED4A22F07F30004947BC /* Category.swift */,
				19DDED4822F07C17004947BC /* Item.swift */,
			);
			path = Model;
			sourceTree = "<group>";
		};
		19181CCE22E87FFF001A25C0 /* Controller */ = {
			isa = PBXGroup;
			children = (
				196F16B622EF371B00E6435F /* CategoryViewController.swift */,
				192D7ADD22E4895B00882266 /* ToDoListViewController.swift */,
				192D7ADB22E4895B00882266 /* AppDelegate.swift */,
			);
			path = Controller;
			sourceTree = "<group>";
		};
		19181CCF22E8801B001A25C0 /* View */ = {
			isa = PBXGroup;
			children = (
				192D7ADF22E4895B00882266 /* Main.storyboard */,
			);
			path = View;
			sourceTree = "<group>";
		};
		19181CD022E88062001A25C0 /* Supporting Files */ = {
			isa = PBXGroup;
			children = (
				192D7AE422E4895C00882266 /* LaunchScreen.storyboard */,
				192D7AE222E4895C00882266 /* Assets.xcassets */,
			);
			path = "Supporting Files";
			sourceTree = "<group>";
		};
		192D7ACF22E4895B00882266 = {
			isa = PBXGroup;
			children = (
				192D7ADA22E4895B00882266 /* ToDoHo */,
				192D7AD922E4895B00882266 /* Products */,
				774484DD8A9C27A643915661 /* Pods */,
				0EB35E556D4B37A084FD285F /* Frameworks */,
			);
			sourceTree = "<group>";
		};
		192D7AD922E4895B00882266 /* Products */ = {
			isa = PBXGroup;
			children = (
				192D7AD822E4895B00882266 /* ToDoHo.app */,
			);
			name = Products;
			sourceTree = "<group>";
		};
		192D7ADA22E4895B00882266 /* ToDoHo */ = {
			isa = PBXGroup;
			children = (
				19181CCD22E87FEE001A25C0 /* Model */,
				19181CCF22E8801B001A25C0 /* View */,
				19181CCE22E87FFF001A25C0 /* Controller */,
				19181CD022E88062001A25C0 /* Supporting Files */,
				192D7AE722E4895C00882266 /* Info.plist */,
			);
			path = ToDoHo;
			sourceTree = "<group>";
		};
		774484DD8A9C27A643915661 /* Pods */ = {
			isa = PBXGroup;
			children = (
				8D76CE6FA4480472875B7949 /* Pods-ToDoHo.debug.xcconfig */,
				0A28BFB89D90C0B368960451 /* Pods-ToDoHo.release.xcconfig */,
			);
			path = Pods;
			sourceTree = "<group>";
		};
/* End PBXGroup section */

/* Begin PBXNativeTarget section */
		192D7AD722E4895B00882266 /* ToDoHo */ = {
			isa = PBXNativeTarget;
			buildConfigurationList = 192D7AEA22E4895C00882266 /* Build configuration list for PBXNativeTarget "ToDoHo" */;
			buildPhases = (
				7B9BEDBCA43CEEDAECB29D2F /* [CP] Check Pods Manifest.lock */,
				192D7AD422E4895B00882266 /* Sources */,
				192D7AD522E4895B00882266 /* Frameworks */,
				192D7AD622E4895B00882266 /* Resources */,
				FE1D3F692B6BBDE29E5F78E7 /* [CP] Embed Pods Frameworks */,
			);
			buildRules = (
			);
			dependencies = (
			);
			name = ToDoHo;
			productName = ToDoHo;
			productReference = 192D7AD822E4895B00882266 /* ToDoHo.app */;
			productType = "com.apple.product-type.application";
		};
/* End PBXNativeTarget section */

/* Begin PBXProject section */
		192D7AD022E4895B00882266 /* Project object */ = {
			isa = PBXProject;
			attributes = {
				LastSwiftUpdateCheck = 1020;
				LastUpgradeCheck = 1020;
				ORGANIZATIONNAME = Asser;
				TargetAttributes = {
					192D7AD722E4895B00882266 = {
						CreatedOnToolsVersion = 10.2.1;
					};
				};
			};
			buildConfigurationList = 192D7AD322E4895B00882266 /* Build configuration list for PBXProject "ToDoHo" */;
			compatibilityVersion = "Xcode 9.3";
			developmentRegion = en;
			hasScannedForEncodings = 0;
			knownRegions = (
				en,
				Base,
			);
			mainGroup = 192D7ACF22E4895B00882266;
			productRefGroup = 192D7AD922E4895B00882266 /* Products */;
			projectDirPath = "";
			projectRoot = "";
			targets = (
				192D7AD722E4895B00882266 /* ToDoHo */,
			);
		};
/* End PBXProject section */

/* Begin PBXResourcesBuildPhase section */
		192D7AD622E4895B00882266 /* Resources */ = {
			isa = PBXResourcesBuildPhase;
			buildActionMask = 2147483647;
			files = (
				192D7AE622E4895C00882266 /* LaunchScreen.storyboard in Resources */,
				192D7AE322E4895C00882266 /* Assets.xcassets in Resources */,
				192D7AE122E4895B00882266 /* Main.storyboard in Resources */,
			);
			runOnlyForDeploymentPostprocessing = 0;
		};
/* End PBXResourcesBuildPhase section */

/* Begin PBXShellScriptBuildPhase section */
		7B9BEDBCA43CEEDAECB29D2F /* [CP] Check Pods Manifest.lock */ = {
			isa = PBXShellScriptBuildPhase;
			buildActionMask = 2147483647;
			files = (
			);
			inputFileListPaths = (
			);
			inputPaths = (
				"${PODS_PODFILE_DIR_PATH}/Podfile.lock",
				"${PODS_ROOT}/Manifest.lock",
			);
			name = "[CP] Check Pods Manifest.lock";
			outputFileListPaths = (
			);
			outputPaths = (
				"$(DERIVED_FILE_DIR)/Pods-ToDoHo-checkManifestLockResult.txt",
			);
			runOnlyForDeploymentPostprocessing = 0;
			shellPath = /bin/sh;
			shellScript = "diff \"${PODS_PODFILE_DIR_PATH}/Podfile.lock\" \"${PODS_ROOT}/Manifest.lock\" > /dev/null\nif [ $? != 0 ] ; then\n    # print error to STDERR\n    echo \"error: The sandbox is not in sync with the Podfile.lock. Run 'pod install' or update your CocoaPods installation.\" >&2\n    exit 1\nfi\n# This output is used by Xcode 'outputs' to avoid re-running this script phase.\necho \"SUCCESS\" > \"${SCRIPT_OUTPUT_FILE_0}\"\n";
			showEnvVarsInLog = 0;
		};
		FE1D3F692B6BBDE29E5F78E7 /* [CP] Embed Pods Frameworks */ = {
			isa = PBXShellScriptBuildPhase;
			buildActionMask = 2147483647;
			files = (
			);
			inputFileListPaths = (
				"${PODS_ROOT}/Target Support Files/Pods-ToDoHo/Pods-ToDoHo-frameworks-${CONFIGURATION}-input-files.xcfilelist",
			);
			name = "[CP] Embed Pods Frameworks";
			outputFileListPaths = (
				"${PODS_ROOT}/Target Support Files/Pods-ToDoHo/Pods-ToDoHo-frameworks-${CONFIGURATION}-output-files.xcfilelist",
			);
			runOnlyForDeploymentPostprocessing = 0;
			shellPath = /bin/sh;
			shellScript = "\"${PODS_ROOT}/Target Support Files/Pods-ToDoHo/Pods-ToDoHo-frameworks.sh\"\n";
			showEnvVarsInLog = 0;
		};
/* End PBXShellScriptBuildPhase section */

/* Begin PBXSourcesBuildPhase section */
		192D7AD422E4895B00882266 /* Sources */ = {
			isa = PBXSourcesBuildPhase;
			buildActionMask = 2147483647;
			files = (
				19DDED4922F07C17004947BC /* Item.swift in Sources */,
				196F16B722EF371B00E6435F /* CategoryViewController.swift in Sources */,
				192D7ADE22E4895B00882266 /* ToDoListViewController.swift in Sources */,
				192D7ADC22E4895B00882266 /* AppDelegate.swift in Sources */,
				19DDED4B22F07F30004947BC /* Category.swift in Sources */,
			);
			runOnlyForDeploymentPostprocessing = 0;
		};
/* End PBXSourcesBuildPhase section */

/* Begin PBXVariantGroup section */
		192D7ADF22E4895B00882266 /* Main.storyboard */ = {
			isa = PBXVariantGroup;
			children = (
				192D7AE022E4895B00882266 /* Base */,
			);
			name = Main.storyboard;
			sourceTree = "<group>";
		};
		192D7AE422E4895C00882266 /* LaunchScreen.storyboard */ = {
			isa = PBXVariantGroup;
			children = (
				192D7AE522E4895C00882266 /* Base */,
			);
			name = LaunchScreen.storyboard;
			sourceTree = "<group>";
		};
/* End PBXVariantGroup section */

/* Begin XCBuildConfiguration section */
		192D7AE822E4895C00882266 /* Debug */ = {
			isa = XCBuildConfiguration;
			buildSettings = {
				ALWAYS_SEARCH_USER_PATHS = NO;
				CLANG_ANALYZER_NONNULL = YES;
				CLANG_ANALYZER_NUMBER_OBJECT_CONVERSION = YES_AGGRESSIVE;
				CLANG_CXX_LANGUAGE_STANDARD = "gnu++14";
				CLANG_CXX_LIBRARY = "libc++";
				CLANG_ENABLE_MODULES = YES;
				CLANG_ENABLE_OBJC_ARC = YES;
				CLANG_ENABLE_OBJC_WEAK = YES;
				CLANG_WARN_BLOCK_CAPTURE_AUTORELEASING = YES;
				CLANG_WARN_BOOL_CONVERSION = YES;
				CLANG_WARN_COMMA = YES;
				CLANG_WARN_CONSTANT_CONVERSION = YES;
				CLANG_WARN_DEPRECATED_OBJC_IMPLEMENTATIONS = YES;
				CLANG_WARN_DIRECT_OBJC_ISA_USAGE = YES_ERROR;
				CLANG_WARN_DOCUMENTATION_COMMENTS = YES;
				CLANG_WARN_EMPTY_BODY = YES;
				CLANG_WARN_ENUM_CONVERSION = YES;
				CLANG_WARN_INFINITE_RECURSION = YES;
				CLANG_WARN_INT_CONVERSION = YES;
				CLANG_WARN_NON_LITERAL_NULL_CONVERSION = YES;
				CLANG_WARN_OBJC_IMPLICIT_RETAIN_SELF = YES;
				CLANG_WARN_OBJC_LITERAL_CONVERSION = YES;
				CLANG_WARN_OBJC_ROOT_CLASS = YES_ERROR;
				CLANG_WARN_RANGE_LOOP_ANALYSIS = YES;
				CLANG_WARN_STRICT_PROTOTYPES = YES;
				CLANG_WARN_SUSPICIOUS_MOVE = YES;
				CLANG_WARN_UNGUARDED_AVAILABILITY = YES_AGGRESSIVE;
				CLANG_WARN_UNREACHABLE_CODE = YES;
				CLANG_WARN__DUPLICATE_METHOD_MATCH = YES;
				CODE_SIGN_IDENTITY = "iPhone Developer";
				COPY_PHASE_STRIP = NO;
				DEBUG_INFORMATION_FORMAT = dwarf;
				ENABLE_STRICT_OBJC_MSGSEND = YES;
				ENABLE_TESTABILITY = YES;
				GCC_C_LANGUAGE_STANDARD = gnu11;
				GCC_DYNAMIC_NO_PIC = NO;
				GCC_NO_COMMON_BLOCKS = YES;
				GCC_OPTIMIZATION_LEVEL = 0;
				GCC_PREPROCESSOR_DEFINITIONS = (
					"DEBUG=1",
					"$(inherited)",
				);
				GCC_WARN_64_TO_32_BIT_CONVERSION = YES;
				GCC_WARN_ABOUT_RETURN_TYPE = YES_ERROR;
				GCC_WARN_UNDECLARED_SELECTOR = YES;
				GCC_WARN_UNINITIALIZED_AUTOS = YES_AGGRESSIVE;
				GCC_WARN_UNUSED_FUNCTION = YES;
				GCC_WARN_UNUSED_VARIABLE = YES;
				IPHONEOS_DEPLOYMENT_TARGET = 12.2;
				MTL_ENABLE_DEBUG_INFO = INCLUDE_SOURCE;
				MTL_FAST_MATH = YES;
				ONLY_ACTIVE_ARCH = YES;
				SDKROOT = iphoneos;
				SWIFT_ACTIVE_COMPILATION_CONDITIONS = DEBUG;
				SWIFT_OPTIMIZATION_LEVEL = "-Onone";
			};
			name = Debug;
		};
		192D7AE922E4895C00882266 /* Release */ = {
			isa = XCBuildConfiguration;
			buildSettings = {
				ALWAYS_SEARCH_USER_PATHS = NO;
				CLANG_ANALYZER_NONNULL = YES;
				CLANG_ANALYZER_NUMBER_OBJECT_CONVERSION = YES_AGGRESSIVE;
				CLANG_CXX_LANGUAGE_STANDARD = "gnu++14";
				CLANG_CXX_LIBRARY = "libc++";
				CLANG_ENABLE_MODULES = YES;
				CLANG_ENABLE_OBJC_ARC = YES;
				CLANG_ENABLE_OBJC_WEAK = YES;
				CLANG_WARN_BLOCK_CAPTURE_AUTORELEASING = YES;
				CLANG_WARN_BOOL_CONVERSION = YES;
				CLANG_WARN_COMMA = YES;
				CLANG_WARN_CONSTANT_CONVERSION = YES;
				CLANG_WARN_DEPRECATED_OBJC_IMPLEMENTATIONS = YES;
				CLANG_WARN_DIRECT_OBJC_ISA_USAGE = YES_ERROR;
				CLANG_WARN_DOCUMENTATION_COMMENTS = YES;
				CLANG_WARN_EMPTY_BODY = YES;
				CLANG_WARN_ENUM_CONVERSION = YES;
				CLANG_WARN_INFINITE_RECURSION = YES;
				CLANG_WARN_INT_CONVERSION = YES;
				CLANG_WARN_NON_LITERAL_NULL_CONVERSION = YES;
				CLANG_WARN_OBJC_IMPLICIT_RETAIN_SELF = YES;
				CLANG_WARN_OBJC_LITERAL_CONVERSION = YES;
				CLANG_WARN_OBJC_ROOT_CLASS = YES_ERROR;
				CLANG_WARN_RANGE_LOOP_ANALYSIS = YES;
				CLANG_WARN_STRICT_PROTOTYPES = YES;
				CLANG_WARN_SUSPICIOUS_MOVE = YES;
				CLANG_WARN_UNGUARDED_AVAILABILITY = YES_AGGRESSIVE;
				CLANG_WARN_UNREACHABLE_CODE = YES;
				CLANG_WARN__DUPLICATE_METHOD_MATCH = YES;
				CODE_SIGN_IDENTITY = "iPhone Developer";
				COPY_PHASE_STRIP = NO;
				DEBUG_INFORMATION_FORMAT = "dwarf-with-dsym";
				ENABLE_NS_ASSERTIONS = NO;
				ENABLE_STRICT_OBJC_MSGSEND = YES;
				GCC_C_LANGUAGE_STANDARD = gnu11;
				GCC_NO_COMMON_BLOCKS = YES;
				GCC_WARN_64_TO_32_BIT_CONVERSION = YES;
				GCC_WARN_ABOUT_RETURN_TYPE = YES_ERROR;
				GCC_WARN_UNDECLARED_SELECTOR = YES;
				GCC_WARN_UNINITIALIZED_AUTOS = YES_AGGRESSIVE;
				GCC_WARN_UNUSED_FUNCTION = YES;
				GCC_WARN_UNUSED_VARIABLE = YES;
				IPHONEOS_DEPLOYMENT_TARGET = 12.2;
				MTL_ENABLE_DEBUG_INFO = NO;
				MTL_FAST_MATH = YES;
				SDKROOT = iphoneos;
				SWIFT_COMPILATION_MODE = wholemodule;
				SWIFT_OPTIMIZATION_LEVEL = "-O";
				VALIDATE_PRODUCT = YES;
			};
			name = Release;
		};
		192D7AEB22E4895C00882266 /* Debug */ = {
			isa = XCBuildConfiguration;
			baseConfigurationReference = 8D76CE6FA4480472875B7949 /* Pods-ToDoHo.debug.xcconfig */;
			buildSettings = {
				ASSETCATALOG_COMPILER_APPICON_NAME = AppIcon;
				CODE_SIGN_STYLE = Automatic;
				DEVELOPMENT_TEAM = YZZGU8QNN5;
				INFOPLIST_FILE = ToDoHo/Info.plist;
				LD_RUNPATH_SEARCH_PATHS = (
					"$(inherited)",
					"@executable_path/Frameworks",
				);
				PRODUCT_BUNDLE_IDENTIFIER = com.AsserAymanTaha.ToDoHo;
				PRODUCT_NAME = "$(TARGET_NAME)";
				SWIFT_VERSION = 5.0;
				TARGETED_DEVICE_FAMILY = "1,2";
			};
			name = Debug;
		};
		192D7AEC22E4895C00882266 /* Release */ = {
			isa = XCBuildConfiguration;
			baseConfigurationReference = 0A28BFB89D90C0B368960451 /* Pods-ToDoHo.release.xcconfig */;
			buildSettings = {
				ASSETCATALOG_COMPILER_APPICON_NAME = AppIcon;
				CODE_SIGN_STYLE = Automatic;
				DEVELOPMENT_TEAM = YZZGU8QNN5;
				INFOPLIST_FILE = ToDoHo/Info.plist;
				LD_RUNPATH_SEARCH_PATHS = (
					"$(inherited)",
					"@executable_path/Frameworks",
				);
				PRODUCT_BUNDLE_IDENTIFIER = com.AsserAymanTaha.ToDoHo;
				PRODUCT_NAME = "$(TARGET_NAME)";
				SWIFT_VERSION = 5.0;
				TARGETED_DEVICE_FAMILY = "1,2";
			};
			name = Release;
		};
/* End XCBuildConfiguration section */

/* Begin XCConfigurationList section */
		192D7AD322E4895B00882266 /* Build configuration list for PBXProject "ToDoHo" */ = {
			isa = XCConfigurationList;
			buildConfigurations = (
				192D7AE822E4895C00882266 /* Debug */,
				192D7AE922E4895C00882266 /* Release */,
			);
			defaultConfigurationIsVisible = 0;
			defaultConfigurationName = Release;
		};
		192D7AEA22E4895C00882266 /* Build configuration list for PBXNativeTarget "ToDoHo" */ = {
			isa = XCConfigurationList;
			buildConfigurations = (
				192D7AEB22E4895C00882266 /* Debug */,
				192D7AEC22E4895C00882266 /* Release */,
			);
			defaultConfigurationIsVisible = 0;
			defaultConfigurationName = Release;
		};
/* End XCConfigurationList section */
	};
	rootObject = 192D7AD022E4895B00882266 /* Project object */;
}
